{
  "nodes": {
    "discord-Custom-Volume-Range": {
      "flake": false,
      "locked": {
        "lastModified": 1628672321,
        "narHash": "sha256-Ii8nvccZFszmdAoJqhgHqfESbzhvqr3wfCerMeq/kso=",
        "owner": "PandaDriver156",
        "repo": "Custom-Volume-Range",
        "rev": "e941faabc245644ef8d5f5942da3ac218b4315f7",
        "type": "github"
      },
      "original": {
        "owner": "PandaDriver156",
        "repo": "Custom-Volume-Range",
        "type": "github"
      }
    },
    "discord-Discolored": {
      "flake": false,
      "locked": {
        "lastModified": 1649415384,
        "narHash": "sha256-kuYxNwiOo1MBIthL+hafcsg5xiJ0c9l2Kzzync4l4tg=",
        "owner": "NYRI4",
        "repo": "Discolored",
        "rev": "96f59f706a020c60ca9113e1a480e9bee7bbdcd7",
        "type": "github"
      },
      "original": {
        "owner": "NYRI4",
        "repo": "Discolored",
        "type": "github"
      }
    },
    "discord-In-app-notifs": {
      "flake": false,
      "locked": {
        "lastModified": 1641514547,
        "narHash": "sha256-lWPArT7cTG0MFfPyiPIojA3UXfvUd19tjmc1Tsu863g=",
        "owner": "BenSegal855",
        "repo": "In-app-notifs",
        "rev": "3c48183cfc9a026bc85cb8db3b4728b9a43ba83a",
        "type": "github"
      },
      "original": {
        "owner": "BenSegal855",
        "repo": "In-app-notifs",
        "type": "github"
      }
    },
    "discord-NSFW-tags": {
      "flake": false,
      "locked": {
        "lastModified": 1632352862,
        "narHash": "sha256-qC+qd4Tvm+SZNyPrq0OUeTiEQ62hMp+j5EIuAyfB71g=",
        "owner": "E-boi",
        "repo": "NSFW-tags",
        "rev": "632a53bb5ec0787d883327f33a71bc9f0d1baa1f",
        "type": "github"
      },
      "original": {
        "owner": "E-boi",
        "repo": "NSFW-tags",
        "type": "github"
      }
    },
    "discord-PowercordTwemojiEverywhere": {
      "flake": false,
      "locked": {
        "lastModified": 1622329962,
        "narHash": "sha256-LjKD3yeaZOsIMImxWUgmRb/dpAC0XFOoP1P/5kURMLs=",
        "owner": "VenPlugs",
        "repo": "PowercordTwemojiEverywhere",
        "rev": "76ac2c69d7ddb47170caa53002e30dd779033dab",
        "type": "github"
      },
      "original": {
        "owner": "VenPlugs",
        "repo": "PowercordTwemojiEverywhere",
        "type": "github"
      }
    },
    "discord-Quick-Bot-Invite": {
      "flake": false,
      "locked": {
        "lastModified": 1604418765,
        "narHash": "sha256-1ep6esEBeDHo0Xx/8Ai15u3CgEbaD2YTMEnW1L/ocPk=",
        "owner": "A-Trash-Coder",
        "repo": "Quick-Bot-Invite",
        "rev": "4f1684d66ab711dc5b400e24a3c6660a0df07753",
        "type": "github"
      },
      "original": {
        "owner": "A-Trash-Coder",
        "repo": "Quick-Bot-Invite",
        "type": "github"
      }
    },
    "discord-Quick-Channel-Mute": {
      "flake": false,
      "locked": {
        "lastModified": 1604449042,
        "narHash": "sha256-V3FUw9/AvsagH66F3rVB/o1R56JbuQ6YdW5eAWR9wNA=",
        "owner": "A-Trash-Coder",
        "repo": "Quick-Channel-Mute",
        "rev": "c6e994b7a93ab1db951ff67f83209c8f01d717b1",
        "type": "github"
      },
      "original": {
        "owner": "A-Trash-Coder",
        "repo": "Quick-Channel-Mute",
        "type": "github"
      }
    },
    "discord-SnowflakeInfo": {
      "flake": false,
      "locked": {
        "lastModified": 1608416482,
        "narHash": "sha256-smeexgO83nNzmFVUx3AW4Wd10SSpB0oHMbWcIeXpw40=",
        "owner": "NurMarvin",
        "repo": "SnowflakeInfo",
        "rev": "9e34cfa8e50d9083c66d0ee7149f6395a8e8847e",
        "type": "github"
      },
      "original": {
        "owner": "NurMarvin",
        "repo": "SnowflakeInfo",
        "type": "github"
      }
    },
    "discord-Unindent": {
      "flake": false,
      "locked": {
        "lastModified": 1622506264,
        "narHash": "sha256-Cyf28MplOiROqwlJ745CQ/PUMH0TcE/pRxN7Y58i9SA=",
        "owner": "VenPlugs",
        "repo": "Unindent",
        "rev": "006ea845dff3e54454e6f55256083813ffc83c32",
        "type": "github"
      },
      "original": {
        "owner": "VenPlugs",
        "repo": "Unindent",
        "type": "github"
      }
    },
    "discord-badges-everywhere": {
      "flake": false,
      "locked": {
        "lastModified": 1641679991,
        "narHash": "sha256-yYVFicbo7SVmQoOteI1n7NRvVLZ0oLK3+j/mTQK31YU=",
        "owner": "powercord-community",
        "repo": "badges-everywhere",
        "rev": "da5bbaa5764bf907a457cb701f5208adf4c8f2bb",
        "type": "github"
      },
      "original": {
        "owner": "powercord-community",
        "repo": "badges-everywhere",
        "type": "github"
      }
    },
    "discord-better-connections": {
      "flake": false,
      "locked": {
        "lastModified": 1630183822,
        "narHash": "sha256-2T6ouo0RdTcCo82ShB1jBKXlzI+ZORi6dXchkgfxas8=",
        "owner": "AAGaming00",
        "repo": "better-connections",
        "rev": "89f3c233cf3fa2ef8b1316ad75cff01629282650",
        "type": "github"
      },
      "original": {
        "owner": "AAGaming00",
        "repo": "better-connections",
        "type": "github"
      }
    },
    "discord-better-folders": {
      "flake": false,
      "locked": {
        "lastModified": 1651702431,
        "narHash": "sha256-T0WxOezetfb3KMmD8DSLvvFs7D/d/cx/9vnUgFQGSoM=",
        "owner": "Juby210",
        "repo": "better-folders",
        "rev": "bbd2757cb779bdca61e1fac6b25468938626a268",
        "type": "github"
      },
      "original": {
        "owner": "Juby210",
        "repo": "better-folders",
        "type": "github"
      }
    },
    "discord-better-replies": {
      "flake": false,
      "locked": {
        "lastModified": 1647695491,
        "narHash": "sha256-Wru9PZIDl9yyhbdCK96jTMu/vDtCT3puke496ORSlv4=",
        "owner": "cyyynthia",
        "repo": "better-replies",
        "rev": "c3e5465dd761599ed00f77cc4f6e47fef397102b",
        "type": "github"
      },
      "original": {
        "owner": "cyyynthia",
        "repo": "better-replies",
        "type": "github"
      }
    },
    "discord-better-settings": {
      "flake": false,
      "locked": {
        "lastModified": 1648609106,
        "narHash": "sha256-Dfaw6Ec63oZvYCCKni9fDFzAQ89AOkmmpxsk1WRD9yU=",
        "owner": "mr-miner1",
        "repo": "better-settings",
        "rev": "48ac8c7365a0b4b71d2e11904f1824a838ba0944",
        "type": "github"
      },
      "original": {
        "owner": "mr-miner1",
        "repo": "better-settings",
        "type": "github"
      }
    },
    "discord-better-status-indicators": {
      "flake": false,
      "locked": {
        "lastModified": 1651028559,
        "narHash": "sha256-P/qeQ/wMq9SbcfnU6G0hpb4KYa5f4IUkJXZsGPqUnoQ=",
        "owner": "GriefMoDz",
        "repo": "better-status-indicators",
        "rev": "c21fc4019287333cb89ab4d6ec08c9d573e8b975",
        "type": "github"
      },
      "original": {
        "owner": "GriefMoDz",
        "repo": "better-status-indicators",
        "type": "github"
      }
    },
    "discord-better-threads": {
      "flake": false,
      "locked": {
        "lastModified": 1627600454,
        "narHash": "sha256-jHCnq12I344uL3OlyDbDN8xlLUo1mFBJmZmNuoXlnOI=",
        "owner": "NurMarvin",
        "repo": "better-threads",
        "rev": "ad929d1b076ae13e7a4405100046ec730c5453fe",
        "type": "github"
      },
      "original": {
        "owner": "NurMarvin",
        "repo": "better-threads",
        "type": "github"
      }
    },
    "discord-betterinvites": {
      "flake": false,
      "locked": {
        "lastModified": 1649112862,
        "narHash": "sha256-KOphq69lKEmxiCsPDSfbwGaRwSrXBtxMv0j4Qarn7RE=",
        "owner": "12944qwerty",
        "repo": "betterinvites",
        "rev": "43492ee100796a415a01c8d3af394ac372b45b4d",
        "type": "github"
      },
      "original": {
        "owner": "12944qwerty",
        "repo": "betterinvites",
        "type": "github"
      }
    },
    "discord-block-messages": {
      "flake": false,
      "locked": {
        "lastModified": 1605114152,
        "narHash": "sha256-5lJpRvNipGCrgRqgWGUqD2tgFepm1V9FohwzmnylBQE=",
        "owner": "cyyynthia",
        "repo": "block-messages",
        "rev": "abc8a39ed4c50fa3086730c707a7c87597209231",
        "type": "github"
      },
      "original": {
        "owner": "cyyynthia",
        "repo": "block-messages",
        "type": "github"
      }
    },
    "discord-channel-typing": {
      "flake": false,
      "locked": {
        "lastModified": 1634895849,
        "narHash": "sha256-wlbzg2zzFcwBGCa90DAKUEAtytQBc8kYAjzXGq1J6AM=",
        "owner": "powercord-community",
        "repo": "channel-typing",
        "rev": "8e41b085410a5bb72ddf9f372c8957eed6d2cb82",
        "type": "github"
      },
      "original": {
        "owner": "powercord-community",
        "repo": "channel-typing",
        "type": "github"
      }
    },
    "discord-copy-avatar-url": {
      "flake": false,
      "locked": {
        "lastModified": 1623532926,
        "narHash": "sha256-QXJgyHfqeGKO+2eHMk0/WvMcfDwMqw4ymPlArNlcpRo=",
        "owner": "21Joakim",
        "repo": "copy-avatar-url",
        "rev": "bac9d2e9c1b9c153b5842934e6a89fe548452c58",
        "type": "github"
      },
      "original": {
        "owner": "21Joakim",
        "repo": "copy-avatar-url",
        "type": "github"
      }
    },
    "discord-copy-raw-message": {
      "flake": false,
      "locked": {
        "lastModified": 1647266717,
        "narHash": "sha256-AmZquaFo0ifk0nKJztD0URmsPnQK4nSVO8p72hhUqO0=",
        "owner": "mic0ishere",
        "repo": "copy-raw-message",
        "rev": "34c0b1de315403f61b3050f705d2f5c271a3dd28",
        "type": "github"
      },
      "original": {
        "owner": "mic0ishere",
        "repo": "copy-raw-message",
        "type": "github"
      }
    },
    "discord-copy-role-color": {
      "flake": false,
      "locked": {
        "lastModified": 1618396251,
        "narHash": "sha256-ucgPshBCGFBRSkJ3/FCpbuLcZT9e2kqIHPJevxOZk5M=",
        "owner": "Antonio32A",
        "repo": "copy-role-color",
        "rev": "0daab6c9e0a851a364cd1b2177d82304f5344507",
        "type": "github"
      },
      "original": {
        "owner": "Antonio32A",
        "repo": "copy-role-color",
        "type": "github"
      }
    },
    "discord-css-toggler": {
      "flake": false,
      "locked": {
        "lastModified": 1644453320,
        "narHash": "sha256-GhyC+Cgm/rSFzLPMd6opHsD1LqvMIk6rOGJx9Lb1s+c=",
        "owner": "12944qwerty",
        "repo": "css-toggler",
        "rev": "3ca4a150a7800d52e0455f9716ec1df28a236d39",
        "type": "github"
      },
      "original": {
        "owner": "12944qwerty",
        "repo": "css-toggler",
        "type": "github"
      }
    },
    "discord-custom-timestamps": {
      "flake": false,
      "locked": {
        "lastModified": 1639189754,
        "narHash": "sha256-RRjhgQV+kPuPMKusp+RqYvX4wun6dHVwUOxyYbr0bQ0=",
        "owner": "TaiAurori",
        "repo": "custom-timestamps",
        "rev": "207197e44bff06c14d91020d42511da15affe7d5",
        "type": "github"
      },
      "original": {
        "owner": "TaiAurori",
        "repo": "custom-timestamps",
        "type": "github"
      }
    },
    "discord-cutecord": {
      "flake": false,
      "locked": {
        "lastModified": 1650678770,
        "narHash": "sha256-qh6xQhTnaKJRe/jQ9Frj9zGQD7Q+EdYbVFVLnPgqWpc=",
        "owner": "powercord-community",
        "repo": "cutecord",
        "rev": "11b801480443431cde91c418489248fc2cbf83a8",
        "type": "github"
      },
      "original": {
        "owner": "powercord-community",
        "repo": "cutecord",
        "type": "github"
      }
    },
    "discord-discord-status": {
      "flake": false,
      "locked": {
        "lastModified": 1617586260,
        "narHash": "sha256-0dWmojr9mqOunZ3wYlw8jPZomkpFEDm6Ml9UiQUJnGs=",
        "owner": "KableKo",
        "repo": "discord-status",
        "rev": "a12ff027af7eeef3be9346c800a42a54f84b0d86",
        "type": "github"
      },
      "original": {
        "owner": "KableKo",
        "repo": "discord-status",
        "type": "github"
      }
    },
    "discord-dm-typing-indicator": {
      "flake": false,
      "locked": {
        "lastModified": 1636586273,
        "narHash": "sha256-qkrzocT7thdzbW+cmFbY0Cbu2sx2GX7AU/CS4Kzxaq8=",
        "owner": "zt64",
        "repo": "dm-typing-indicator",
        "rev": "3622db26bcfa6f949a49c41a4d820a23401084b2",
        "type": "github"
      },
      "original": {
        "owner": "zt64",
        "repo": "dm-typing-indicator",
        "type": "github"
      }
    },
    "discord-guild-profile": {
      "flake": false,
      "locked": {
        "lastModified": 1642440449,
        "narHash": "sha256-SySCuI/NwhlfzpCPJgqSOUdb1zIN3Fp6xcG1D16l1ks=",
        "owner": "NurMarvin",
        "repo": "guild-profile",
        "rev": "89e59764112844d4dc51c97aa4e58978ec7436ae",
        "type": "github"
      },
      "original": {
        "owner": "NurMarvin",
        "repo": "guild-profile",
        "type": "github"
      }
    },
    "discord-kaomoji": {
      "flake": false,
      "locked": {
        "lastModified": 1644171071,
        "narHash": "sha256-tzs987zewEyCHX+v6i3kpgtxKESpJnRjFj/nd0+TBys=",
        "owner": "davidcralph",
        "repo": "kaomoji",
        "rev": "8eb35c661b2169d775066f9a07d778af664ed1f0",
        "type": "github"
      },
      "original": {
        "owner": "davidcralph",
        "repo": "kaomoji",
        "type": "github"
      }
    },
    "discord-mention-cache-fix": {
      "flake": false,
      "locked": {
        "lastModified": 1646838396,
        "narHash": "sha256-paDz8VR3rHrKQ42kPxhX+Lzxqcj7ETHlKA3HX5nxoFM=",
        "owner": "asportnoy",
        "repo": "mention-cache-fix",
        "rev": "78b80bc2fa12284cbc75b5b371804d717909aa93",
        "type": "github"
      },
      "original": {
        "owner": "asportnoy",
        "repo": "mention-cache-fix",
        "type": "github"
      }
    },
    "discord-message-link-embed": {
      "flake": false,
      "locked": {
        "lastModified": 1634981173,
        "narHash": "sha256-AB3QgVqHv6Ybt6V9kkeXTLB/jcA+51UWCTfzbIwdyZU=",
        "owner": "Juby210",
        "repo": "message-link-embed",
        "rev": "eb41fed1e749ffda391f9b0b0c8e2991175b1a57",
        "type": "github"
      },
      "original": {
        "owner": "Juby210",
        "repo": "message-link-embed",
        "type": "github"
      }
    },
    "discord-online-friends-count": {
      "flake": false,
      "locked": {
        "lastModified": 1648166716,
        "narHash": "sha256-Vvm33WI5MX5qU5IpqI142EsSNq0wx4icAymCAI3utVY=",
        "owner": "GriefMoDz",
        "repo": "online-friends-count",
        "rev": "b82d4a15e1ba410192f24c9f5eeab65b0d7fc151",
        "type": "github"
      },
      "original": {
        "owner": "GriefMoDz",
        "repo": "online-friends-count",
        "type": "github"
      }
    },
    "discord-permission-viewer": {
      "flake": false,
      "locked": {
        "lastModified": 1649930173,
        "narHash": "sha256-5Z2s5mPHl9pjqH6ZENoyGcJoiNTgItMkE4d+ofnqYPA=",
        "owner": "powercord-community",
        "repo": "permission-viewer",
        "rev": "b96e87d4138cc6ffdb1cfbbf53135ab36d6deec2",
        "type": "github"
      },
      "original": {
        "owner": "powercord-community",
        "repo": "permission-viewer",
        "type": "github"
      }
    },
    "discord-powercord-LinkChannels": {
      "flake": false,
      "locked": {
        "lastModified": 1623970704,
        "narHash": "sha256-C95v9S0SCErv1BMFmMb4Pww7o4B/RASjASgYmWxh4WQ=",
        "owner": "E-boi",
        "repo": "powercord-LinkChannels",
        "rev": "6d7040ef6c04f2fcbe7dacafaa6638776ba9e72e",
        "type": "github"
      },
      "original": {
        "owner": "E-boi",
        "repo": "powercord-LinkChannels",
        "type": "github"
      }
    },
    "discord-powercord-message-tooltips": {
      "flake": false,
      "locked": {
        "lastModified": 1642200248,
        "narHash": "sha256-OcqS2rMv/T3F0wbXVNwwsWH57AJ0mIK7C/YVxJ+5pbM=",
        "owner": "lorencerri",
        "repo": "powercord-message-tooltips",
        "rev": "6c1e15946dd3588e7c8841f88bb8e6e40a58b031",
        "type": "github"
      },
      "original": {
        "owner": "lorencerri",
        "repo": "powercord-message-tooltips",
        "type": "github"
      }
    },
    "discord-powercord-mute-folder": {
      "flake": false,
      "locked": {
        "lastModified": 1642350595,
        "narHash": "sha256-fCDuzzA4HnAiq+maBTAwjI/SUh2kXxXlmQXQc71BUvA=",
        "owner": "notsapinho",
        "repo": "powercord-mute-folder",
        "rev": "7d3d1208583dcc114c1cbbcb02ae212d0af578f0",
        "type": "github"
      },
      "original": {
        "owner": "notsapinho",
        "repo": "powercord-mute-folder",
        "type": "github"
      }
    },
    "discord-powercord-ownertags": {
      "flake": false,
      "locked": {
        "lastModified": 1651091800,
        "narHash": "sha256-1LuOqeYL96KGo+fhU2FnmHpU5Y2pFQvsQCL4snUtMxE=",
        "owner": "Puyodead1",
        "repo": "powercord-ownertag",
        "rev": "8ab135efeced91f2e830be6c4c8c5eb5c89d3327",
        "type": "github"
      },
      "original": {
        "owner": "Puyodead1",
        "repo": "powercord-ownertag",
        "type": "github"
      }
    },
    "discord-powercord-pindms": {
      "flake": false,
      "locked": {
        "lastModified": 1649272676,
        "narHash": "sha256-a6tzD4jZZP83yNQOmvfATnuKezAP1oCi8DO1BtFNFuA=",
        "owner": "Bricklou",
        "repo": "powercord-pindms",
        "rev": "af842ae48f96323eb6860f4b935464af1c016955",
        "type": "github"
      },
      "original": {
        "owner": "Bricklou",
        "repo": "powercord-pindms",
        "type": "github"
      }
    },
    "discord-powercord-reverse-image-search": {
      "flake": false,
      "locked": {
        "lastModified": 1643778410,
        "narHash": "sha256-9cbPhGbMVuXrArVCorv9NzfQNYAEHlfdIrItOzJMNck=",
        "owner": "lorencerri",
        "repo": "powercord-reverse-image-search",
        "rev": "9a13f7d78d647f58ebd6489e93cda9a536766919",
        "type": "github"
      },
      "original": {
        "owner": "lorencerri",
        "repo": "powercord-reverse-image-search",
        "type": "github"
      }
    },
    "discord-pronoundb-powercord": {
      "flake": false,
      "locked": {
        "lastModified": 1647695590,
        "narHash": "sha256-uT8daKWiJNAfFTeMByKPocLMIDdL5/OaUJ7Aw0PCtlA=",
        "owner": "cyyynthia",
        "repo": "pronoundb-powercord",
        "rev": "0ad35ab408216099ff71b45168c504cfb781b125",
        "type": "github"
      },
      "original": {
        "owner": "cyyynthia",
        "repo": "pronoundb-powercord",
        "type": "github"
      }
    },
    "discord-quick-delete-pc": {
      "flake": false,
      "locked": {
        "lastModified": 1645295933,
        "narHash": "sha256-v1un1qmqtITDwHVybxOLdgQ65AbxsC1luYZ83UDvpzs=",
        "owner": "the-cord-plug",
        "repo": "quick-delete-pc",
        "rev": "a80db0279876e048a791f02ba2c17f222e3a7f98",
        "type": "github"
      },
      "original": {
        "owner": "the-cord-plug",
        "repo": "quick-delete-pc",
        "type": "github"
      }
    },
    "discord-reddit-parser": {
      "flake": false,
      "locked": {
        "lastModified": 1621484518,
        "narHash": "sha256-tDvdY7i37uDDjFLprlBgLxWfQDJp+OMlLU3vVcpPrSE=",
        "owner": "Rodentman87",
        "repo": "reddit-parser",
        "rev": "47226db29bf6a0103b7ab66bd4835316ab98e09d",
        "type": "github"
      },
      "original": {
        "owner": "Rodentman87",
        "repo": "reddit-parser",
        "type": "github"
      }
    },
    "discord-relationship-notifier": {
      "flake": false,
      "locked": {
        "lastModified": 1650211510,
        "narHash": "sha256-xlh5mtsJLbaOWAlDTjIwbRfDJP1w4vUXqS3LDtkpTnY=",
        "owner": "discord-modifications",
        "repo": "relationships-notifier",
        "rev": "14d0eb9838ccb935be3a00a7fd0b14224ac6022b",
        "type": "github"
      },
      "original": {
        "owner": "discord-modifications",
        "repo": "relationships-notifier",
        "type": "github"
      }
    },
    "discord-remove-invite-from-user-context-menu": {
      "flake": false,
      "locked": {
        "lastModified": 1616452131,
        "narHash": "sha256-/3SiuzZvS4q8OcZpMvAsQV+ihKZTPYCsuH0csiP6AOg=",
        "owner": "SebbyLaw",
        "repo": "remove-invite-from-user-context-menu",
        "rev": "083984fed0dd01bb70647bb1cf767dd208be30e0",
        "type": "github"
      },
      "original": {
        "owner": "SebbyLaw",
        "repo": "remove-invite-from-user-context-menu",
        "type": "github"
      }
    },
    "discord-replace-timestamps-pc": {
      "flake": false,
      "locked": {
        "lastModified": 1650849411,
        "narHash": "sha256-rCpY5qOAJmG2pKmp/H6jK1SGNJbP8p6BvMWLfjmNSN4=",
        "owner": "SpoonMcForky",
        "repo": "replace-timestamps-pc",
        "rev": "7a83ceb611d11cacee4111ce3ee4a24a9c419eba",
        "type": "github"
      },
      "original": {
        "owner": "SpoonMcForky",
        "repo": "replace-timestamps-pc",
        "type": "github"
      }
    },
    "discord-report-messages": {
      "flake": false,
      "locked": {
        "lastModified": 1644373439,
        "narHash": "sha256-BmOcIAtKrp3FB4Wb1RICEcEEBdR+sBKGlngLaLG3E3w=",
        "owner": "12944qwerty",
        "repo": "report-messages",
        "rev": "51f923c879be589ce27568550106c8a147ae534d",
        "type": "github"
      },
      "original": {
        "owner": "12944qwerty",
        "repo": "report-messages",
        "type": "github"
      }
    },
    "discord-rolecolor-everywhere": {
      "flake": false,
      "locked": {
        "lastModified": 1649251116,
        "narHash": "sha256-b8dbqLxHMIkX5i7tq+cRk57xEA8dIAYtYgjMDIWxDXc=",
        "owner": "powercord-community",
        "repo": "rolecolor-everywhere",
        "rev": "1691b60364a9782692dc32e8f99c1fca498e8857",
        "type": "github"
      },
      "original": {
        "owner": "powercord-community",
        "repo": "rolecolor-everywhere",
        "type": "github"
      }
    },
    "discord-scrollable-autocomplete": {
      "flake": false,
      "locked": {
        "lastModified": 1651843373,
        "narHash": "sha256-r8xkSp7fs1PF4zZU0UNBKTadrfhJsmlDMvjqLhlwe6Q=",
        "owner": "GriefMoDz",
        "repo": "scrollable-autocomplete",
        "rev": "050869105d30c840424f29c2768f29b3cb4cb59a",
        "type": "github"
      },
      "original": {
        "owner": "GriefMoDz",
        "repo": "scrollable-autocomplete",
        "type": "github"
      }
    },
    "discord-send-timestamps": {
      "flake": false,
      "locked": {
        "lastModified": 1650290522,
        "narHash": "sha256-xBmzPxFH1R9Pec/hSyZ1uIj6LOgad83YDRpsqWxTocU=",
        "owner": "12944qwerty",
        "repo": "send-timestamps",
        "rev": "0f702da2c1df5296da511e5271572038aabd2e89",
        "type": "github"
      },
      "original": {
        "owner": "12944qwerty",
        "repo": "send-timestamps",
        "type": "github"
      }
    },
    "discord-server-count": {
      "flake": false,
      "locked": {
        "lastModified": 1606276576,
        "narHash": "sha256-4mKU3UVggDPVyV+CqptxoRIh/UnD/12LzNcWb4aYyn0=",
        "owner": "TheShadowGamer",
        "repo": "Server-Count",
        "rev": "0595eed44764222b76bf79e37df3aa2e900590b4",
        "type": "github"
      },
      "original": {
        "owner": "TheShadowGamer",
        "repo": "Server-Count",
        "type": "github"
      }
    },
    "discord-showAllMessageButtons": {
      "flake": false,
      "locked": {
        "lastModified": 1627505537,
        "narHash": "sha256-/lD9zaOAwHKa+LMnm6/+5t+k1VXRoj+j47Z5cI0qklI=",
        "owner": "12944qwerty",
        "repo": "showAllMessageButtons",
        "rev": "f1bc388b2c52dc9c813d529974d90efb94c6639e",
        "type": "github"
      },
      "original": {
        "owner": "12944qwerty",
        "repo": "showAllMessageButtons",
        "type": "github"
      }
    },
    "discord-smart-typers": {
      "flake": false,
      "locked": {
        "lastModified": 1641631958,
        "narHash": "sha256-tKeGL2NUH5w3ct3H2TIP/KljIHOzmLycsUtyQ1c/epI=",
        "owner": "GriefMoDz",
        "repo": "smart-typers",
        "rev": "f3d4f35c762de1ce59e0c6dab97f600e7375478a",
        "type": "github"
      },
      "original": {
        "owner": "GriefMoDz",
        "repo": "smart-typers",
        "type": "github"
      }
    },
    "discord-total-members": {
      "flake": false,
      "locked": {
        "lastModified": 1634895886,
        "narHash": "sha256-5hqWQwvEku9wR00xPf8HHkI7F0rkTsArFP2ODxRz8Dc=",
        "owner": "cyyynthia",
        "repo": "total-members",
        "rev": "6f8a826d1729cbddeb3dbcc988867613af5778da",
        "type": "github"
      },
      "original": {
        "owner": "cyyynthia",
        "repo": "total-members",
        "type": "github"
      }
    },
    "discord-user-birthdays": {
      "flake": false,
      "locked": {
        "lastModified": 1645509826,
        "narHash": "sha256-n/DJo2FSREwGBjtx0zc3IknjbpVHxeMK9HmJfPMoMdw=",
        "owner": "GriefMoDz",
        "repo": "user-birthdays",
        "rev": "9ae9b9e4e9fa5feb98d018ab6d1df6cabd6d0bb9",
        "type": "github"
      },
      "original": {
        "owner": "GriefMoDz",
        "repo": "user-birthdays",
        "type": "github"
      }
    },
    "discord-user-details": {
      "flake": false,
      "locked": {
        "lastModified": 1651701198,
        "narHash": "sha256-EI8JDRnM8KWbPRJK2f+aknX/GiTUaaHOC72d9zFEbGU=",
        "owner": "Juby210",
        "repo": "user-details",
        "rev": "d3e9fc097045c04de94a005f571bcd792c871aa4",
        "type": "github"
      },
      "original": {
        "owner": "Juby210",
        "repo": "user-details",
        "type": "github"
      }
    },
    "discord-userid-info": {
      "flake": false,
      "locked": {
        "lastModified": 1632104789,
        "narHash": "sha256-sE4Scn44WV3hkPt8KK7V4j4dseZ83BpG7dLWieGR2GE=",
        "owner": "webtax-gh",
        "repo": "userid-info",
        "rev": "acdcddffbb11beea1166828db740e075e814d9ed",
        "type": "github"
      },
      "original": {
        "owner": "webtax-gh",
        "repo": "userid-info",
        "type": "github"
      }
    },
    "discord-vcTimer": {
      "flake": false,
      "locked": {
        "lastModified": 1621410072,
        "narHash": "sha256-Mz3YrpXLPjYbGifL1UUP534E2drbl7mx3WQnM3s+dlI=",
        "owner": "RazerMoon",
        "repo": "vcTimer",
        "rev": "2a1860380b442f15070173a6f3c678bf60873eb1",
        "type": "github"
      },
      "original": {
        "owner": "RazerMoon",
        "repo": "vcTimer",
        "type": "github"
      }
    },
    "discord-voice-chat-utilities": {
      "flake": false,
      "locked": {
        "lastModified": 1623186051,
        "narHash": "sha256-UVnDqeKDhQS5AoQJzSEl4bjcwsyr4l3NqqkjfJPxABQ=",
        "owner": "dutake",
        "repo": "voice-chat-utilities",
        "rev": "ec64b0b51ca67d5771e522f609eec4d0343e8ebd",
        "type": "github"
      },
      "original": {
        "owner": "dutake",
        "repo": "voice-chat-utilities",
        "type": "github"
      }
    },
    "discord-voice-user-count": {
      "flake": false,
      "locked": {
        "lastModified": 1648400257,
        "narHash": "sha256-hmAFsIAs7+QxFENR5bhZNqVuyGGtzQysj4shxk2wcN0=",
        "owner": "tuanbinhtran",
        "repo": "voice-user-count",
        "rev": "3ba2c776ac8bed2589a7198c087c12c0cf03515c",
        "type": "github"
      },
      "original": {
        "owner": "tuanbinhtran",
        "repo": "voice-user-count",
        "type": "github"
      }
    },
    "discord-webhook-tag": {
      "flake": false,
      "locked": {
        "lastModified": 1645140737,
        "narHash": "sha256-KBKRwlTDaGXkEFGq08Nbbj8Kmnmz7yuDcZts9JZAgMU=",
        "owner": "BenSegal855",
        "repo": "webhook-tag",
        "rev": "7f573b821006d070a3ea2ec92ca822b0a3980ea9",
        "type": "github"
      },
      "original": {
        "owner": "BenSegal855",
        "repo": "webhook-tag",
        "type": "github"
      }
    },
    "flake-utils": {
      "locked": {
        "lastModified": 1644229661,
        "narHash": "sha256-1YdnJAsNy69bpcjuoKdOYQX0YxZBiCYZo4Twxerqv7k=",
        "owner": "numtide",
        "repo": "flake-utils",
        "rev": "3cecb5b042f7f209c56ffd8371b2711a290ec797",
        "type": "github"
      },
      "original": {
        "owner": "numtide",
        "repo": "flake-utils",
        "type": "github"
      }
    },
    "fup": {
      "inputs": {
        "flake-utils": "flake-utils"
      },
      "locked": {
        "lastModified": 1647259887,
        "narHash": "sha256-yEkMbEHVO9qydluQ3uHGWX1PkfZhgDKxnd1rhZYZ72w=",
        "owner": "gytis-ivaskevicius",
        "repo": "flake-utils-plus",
        "rev": "06dba5f3b4fa2cc0bfc98ce9cd6f9a4d8db11d46",
        "type": "github"
      },
      "original": {
        "owner": "gytis-ivaskevicius",
        "repo": "flake-utils-plus",
        "type": "github"
      }
    },
    "nixpkgs": {
      "locked": {
        "lastModified": 1652231724,
        "narHash": "sha256-MjalcXFZgcgchp4QqnF05JTkFBBGad5hbksA1EKoP98=",
        "owner": "nixos",
        "repo": "nixpkgs",
        "rev": "41ff747f882914c1f8c233207ce280ac9d0c867f",
        "type": "github"
      },
      "original": {
        "owner": "nixos",
        "ref": "nixos-unstable",
        "repo": "nixpkgs",
        "type": "github"
      }
    },
    "powercord": {
      "flake": false,
      "locked": {
        "lastModified": 1651753279,
        "narHash": "sha256-sW61sXYgXUZCNFocFvAE87Inn4bl04huBY02p9tT4pQ=",
        "owner": "powercord-org",
        "repo": "powercord",
        "rev": "02bd12f997af9d3858a7effa06739fddd07280e1",
        "type": "github"
      },
      "original": {
        "owner": "powercord-org",
        "repo": "powercord",
        "type": "github"
      }
    },
    "powercord-overlay": {
      "inputs": {
        "nixpkgs": [
          "nixpkgs"
        ],
        "powercord": [
          "powercord"
        ]
      },
      "locked": {
        "lastModified": 1651450509,
        "narHash": "sha256-RHnY7jKE0SF5gl9NTAZovsxouM5qcvpnURVFZ3cqJLA=",
        "owner": "Infinidoge",
        "repo": "powercord-overlay",
        "rev": "3c01f97cee174f54486032fe5688ccf48eb7ee2d",
        "type": "github"
      },
      "original": {
        "owner": "Infinidoge",
        "repo": "powercord-overlay",
        "type": "github"
      }
    },
    "root": {
      "inputs": {
        "discord-Custom-Volume-Range": "discord-Custom-Volume-Range",
        "discord-Discolored": "discord-Discolored",
        "discord-In-app-notifs": "discord-In-app-notifs",
        "discord-NSFW-tags": "discord-NSFW-tags",
        "discord-PowercordTwemojiEverywhere": "discord-PowercordTwemojiEverywhere",
        "discord-Quick-Bot-Invite": "discord-Quick-Bot-Invite",
        "discord-Quick-Channel-Mute": "discord-Quick-Channel-Mute",
        "discord-SnowflakeInfo": "discord-SnowflakeInfo",
        "discord-Unindent": "discord-Unindent",
        "discord-badges-everywhere": "discord-badges-everywhere",
        "discord-better-connections": "discord-better-connections",
        "discord-better-folders": "discord-better-folders",
        "discord-better-replies": "discord-better-replies",
        "discord-better-settings": "discord-better-settings",
        "discord-better-status-indicators": "discord-better-status-indicators",
        "discord-better-threads": "discord-better-threads",
        "discord-betterinvites": "discord-betterinvites",
        "discord-block-messages": "discord-block-messages",
        "discord-channel-typing": "discord-channel-typing",
        "discord-copy-avatar-url": "discord-copy-avatar-url",
        "discord-copy-raw-message": "discord-copy-raw-message",
        "discord-copy-role-color": "discord-copy-role-color",
        "discord-css-toggler": "discord-css-toggler",
        "discord-custom-timestamps": "discord-custom-timestamps",
        "discord-cutecord": "discord-cutecord",
        "discord-discord-status": "discord-discord-status",
        "discord-dm-typing-indicator": "discord-dm-typing-indicator",
        "discord-guild-profile": "discord-guild-profile",
        "discord-kaomoji": "discord-kaomoji",
        "discord-mention-cache-fix": "discord-mention-cache-fix",
        "discord-message-link-embed": "discord-message-link-embed",
        "discord-online-friends-count": "discord-online-friends-count",
        "discord-permission-viewer": "discord-permission-viewer",
        "discord-powercord-LinkChannels": "discord-powercord-LinkChannels",
        "discord-powercord-message-tooltips": "discord-powercord-message-tooltips",
        "discord-powercord-mute-folder": "discord-powercord-mute-folder",
        "discord-powercord-ownertags": "discord-powercord-ownertags",
        "discord-powercord-pindms": "discord-powercord-pindms",
        "discord-powercord-reverse-image-search": "discord-powercord-reverse-image-search",
        "discord-pronoundb-powercord": "discord-pronoundb-powercord",
        "discord-quick-delete-pc": "discord-quick-delete-pc",
        "discord-reddit-parser": "discord-reddit-parser",
        "discord-relationship-notifier": "discord-relationship-notifier",
        "discord-remove-invite-from-user-context-menu": "discord-remove-invite-from-user-context-menu",
        "discord-replace-timestamps-pc": "discord-replace-timestamps-pc",
        "discord-report-messages": "discord-report-messages",
        "discord-rolecolor-everywhere": "discord-rolecolor-everywhere",
        "discord-scrollable-autocomplete": "discord-scrollable-autocomplete",
        "discord-send-timestamps": "discord-send-timestamps",
        "discord-server-count": "discord-server-count",
        "discord-showAllMessageButtons": "discord-showAllMessageButtons",
        "discord-smart-typers": "discord-smart-typers",
        "discord-total-members": "discord-total-members",
        "discord-user-birthdays": "discord-user-birthdays",
        "discord-user-details": "discord-user-details",
        "discord-userid-info": "discord-userid-info",
        "discord-vcTimer": "discord-vcTimer",
        "discord-voice-chat-utilities": "discord-voice-chat-utilities",
        "discord-voice-user-count": "discord-voice-user-count",
        "discord-webhook-tag": "discord-webhook-tag",
        "fup": "fup",
        "nixpkgs": "nixpkgs",
        "powercord": "powercord",
        "powercord-overlay": "powercord-overlay"
      }
    }
  },
  "root": "root",
  "version": 7
}
