{
  "nodes": {
    "agenix": {
      "inputs": {
        "darwin": [
          "blank"
        ],
        "home-manager": [
          "home-manager"
        ],
        "nixpkgs": [
          "nixpkgs"
        ]
      },
      "locked": {
        "lastModified": 1703107199,
        "narHash": "sha256-Xx9Kkoqye520mkEWTZx/sKQRJsIeWOuwoh568uwHpNg=",
        "owner": "ryantm",
        "repo": "agenix",
        "rev": "17090d105af1b9f941109c1e12d6e3a596657f97",
        "type": "github"
      },
      "original": {
        "owner": "ryantm",
        "repo": "agenix",
        "type": "github"
      }
    },
    "blank": {
      "locked": {
        "lastModified": 1625557891,
        "narHash": "sha256-O8/MWsPBGhhyPoPLHZAuoZiiHo9q6FLlEeIDEXuj6T4=",
        "owner": "divnix",
        "repo": "blank",
        "rev": "5a5d2684073d9f563072ed07c871d577a6c614a8",
        "type": "github"
      },
      "original": {
        "owner": "divnix",
        "repo": "blank",
        "type": "github"
      }
    },
    "crane": {
      "inputs": {
        "flake-compat": [
          "universe-cli",
          "blank"
        ],
        "flake-utils": [
          "universe-cli",
          "flake-utils"
        ],
        "nixpkgs": [
          "universe-cli",
          "nixpkgs"
        ],
        "rust-overlay": [
          "universe-cli",
          "rust-overlay"
        ]
      },
      "locked": {
        "lastModified": 1685896619,
        "narHash": "sha256-6rgKAm8/GaFYOrshu+heVjUCgWTJJpzsm9YyENsYDRo=",
        "owner": "ipetkov",
        "repo": "crane",
        "rev": "4bdf5595ae15481b4021358dc17d6c0df8eecd7f",
        "type": "github"
      },
      "original": {
        "owner": "ipetkov",
        "repo": "crane",
        "type": "github"
      }
    },
    "devshell": {
      "inputs": {
        "nixpkgs": [
          "nixpkgs"
        ],
        "systems": [
          "systems"
        ]
      },
      "locked": {
        "lastModified": 1701787589,
        "narHash": "sha256-ce+oQR4Zq9VOsLoh9bZT8Ip9PaMLcjjBUHVPzW5d7Cw=",
        "owner": "numtide",
        "repo": "devshell",
        "rev": "44ddedcbcfc2d52a76b64fb6122f209881bd3e1e",
        "type": "github"
      },
      "original": {
        "owner": "numtide",
        "repo": "devshell",
        "type": "github"
      }
    },
    "flake-parts": {
      "inputs": {
        "nixpkgs-lib": [
          "nixpkgs"
        ]
      },
      "locked": {
        "lastModified": 1701473968,
        "narHash": "sha256-YcVE5emp1qQ8ieHUnxt1wCZCC3ZfAS+SRRWZ2TMda7E=",
        "owner": "hercules-ci",
        "repo": "flake-parts",
        "rev": "34fed993f1674c8d06d58b37ce1e0fe5eebcb9f5",
        "type": "github"
      },
      "original": {
        "owner": "hercules-ci",
        "repo": "flake-parts",
        "type": "github"
      }
    },
    "flake-registry": {
      "flake": false,
      "locked": {
        "lastModified": 1692779116,
        "narHash": "sha256-erTXdDToRA8whxURoEgBGWj550vcUirO6adEFIjQ0M0=",
        "owner": "NixOS",
        "repo": "flake-registry",
        "rev": "3f641cbae15d3c74370aa9b97fd0ac478a114305",
        "type": "github"
      },
      "original": {
        "owner": "NixOS",
        "repo": "flake-registry",
        "type": "github"
      }
    },
    "flake-utils": {
      "inputs": {
        "systems": [
          "systems"
        ]
      },
      "locked": {
        "lastModified": 1701680307,
        "narHash": "sha256-kAuep2h5ajznlPMD9rnQyffWG8EM/C73lejGofXvdM8=",
        "owner": "numtide",
        "repo": "flake-utils",
        "rev": "4022d587cbbfd70fe950c1e2083a02621806a725",
        "type": "github"
      },
      "original": {
        "owner": "numtide",
        "repo": "flake-utils",
        "type": "github"
      }
    },
    "fork": {
      "locked": {
        "lastModified": 1700897425,
        "narHash": "sha256-rUd7z6weQ0zJ7mJP9N7RLMP/AWE9H/AtTV9bx7RNr6A=",
        "owner": "Infinidoge",
        "repo": "nixpkgs",
        "rev": "491072e797f6d28960f182d45125f1f93b9522ce",
        "type": "github"
      },
      "original": {
        "owner": "Infinidoge",
        "ref": "combined/all",
        "repo": "nixpkgs",
        "type": "github"
      }
    },
    "home-manager": {
      "inputs": {
        "nixpkgs": [
          "nixpkgs"
        ]
      },
      "locked": {
        "lastModified": 1703155327,
        "narHash": "sha256-Q25AEghhhOp+ImNN4PsAExi7DIB1INMlBSaggGz7q4w=",
        "owner": "nix-community",
        "repo": "home-manager",
        "rev": "8b797c8eea1eba7dfb47f6964103e6e0d134255f",
        "type": "github"
      },
      "original": {
        "owner": "nix-community",
        "repo": "home-manager",
        "type": "github"
      }
    },
    "impermanence": {
      "locked": {
        "lastModified": 1702984171,
        "narHash": "sha256-reIUBrUXibohXmvXRsgpvtlCE0QQSvWSA+qQCKohgR0=",
        "owner": "nix-community",
        "repo": "impermanence",
        "rev": "123e94200f63952639492796b8878e588a4a2851",
        "type": "github"
      },
      "original": {
        "owner": "nix-community",
        "repo": "impermanence",
        "type": "github"
      }
    },
    "latest": {
      "locked": {
        "lastModified": 1703181470,
        "narHash": "sha256-DtKV9TAViIKI4hYTbv3/v2bFIQgXDUp7OaiQExjgoZA=",
        "owner": "nixos",
        "repo": "nixpkgs",
        "rev": "490828bce1b0cdfe328adc7f6280a519d7e68ed4",
        "type": "github"
      },
      "original": {
        "owner": "nixos",
        "repo": "nixpkgs",
        "type": "github"
      }
    },
    "nix-minecraft": {
      "inputs": {
        "flake-compat": [
          "blank"
        ],
        "flake-utils": [
          "flake-utils"
        ],
        "nixpkgs": [
          "nixpkgs"
        ]
      },
      "locked": {
        "lastModified": 1703121518,
        "narHash": "sha256-/GXSDe49AvbrmUxNn4CbTJ3rZsnHKUCAUxaM9G3WfsU=",
        "owner": "Infinidoge",
        "repo": "nix-minecraft",
        "rev": "08ef4d4e495c563ac22b4c9cc0742ed132862960",
        "type": "github"
      },
      "original": {
        "owner": "Infinidoge",
        "repo": "nix-minecraft",
        "type": "github"
      }
    },
    "nixos-hardware": {
      "locked": {
        "lastModified": 1702453208,
        "narHash": "sha256-0wRi9SposfE2wHqjuKt8WO2izKB/ASDOV91URunIqgo=",
        "owner": "nixos",
        "repo": "nixos-hardware",
        "rev": "7763c6fd1f299cb9361ff2abf755ed9619ef01d6",
        "type": "github"
      },
      "original": {
        "owner": "nixos",
        "repo": "nixos-hardware",
        "type": "github"
      }
    },
    "nixos-wsl": {
      "inputs": {
        "flake-compat": [
          "blank"
        ],
        "flake-utils": [
          "flake-utils"
        ],
        "nixpkgs": [
          "nixpkgs"
        ]
      },
      "locked": {
        "lastModified": 1702867085,
        "narHash": "sha256-zcKtsexiTURppa7styWbMvrFiIYfoY5mBtWeIlh7YqU=",
        "owner": "nix-community",
        "repo": "NixOS-WSL",
        "rev": "86f3b26038b36603f51e260979a09e9c659415e9",
        "type": "github"
      },
      "original": {
        "owner": "nix-community",
        "repo": "NixOS-WSL",
        "type": "github"
      }
    },
    "nixpkgs": {
      "locked": {
        "lastModified": 1703013332,
        "narHash": "sha256-+tFNwMvlXLbJZXiMHqYq77z/RfmpfpiI3yjL6o/Zo9M=",
        "owner": "NixOS",
        "repo": "nixpkgs",
        "rev": "54aac082a4d9bb5bbc5c4e899603abfb76a3f6d6",
        "type": "github"
      },
      "original": {
        "owner": "NixOS",
        "ref": "nixos-unstable",
        "repo": "nixpkgs",
        "type": "github"
      }
    },
    "private": {
      "locked": {
        "lastModified": 1694228416,
        "narHash": "sha256-SOOyLDp59C/EIGVffWmQaqRPAfRe65iuoF7SAHJTGnc=",
        "ref": "refs/heads/master",
        "rev": "20e1ca0293e29981155e28830ae82a77ea2a0497",
        "revCount": 30,
        "type": "git",
        "url": "ssh://git@github.com/Infinidoge/universe-private"
      },
      "original": {
        "type": "git",
        "url": "ssh://git@github.com/Infinidoge/universe-private"
      }
    },
    "root": {
      "inputs": {
        "agenix": "agenix",
        "blank": "blank",
        "devshell": "devshell",
        "flake-parts": "flake-parts",
        "flake-registry": "flake-registry",
        "flake-utils": "flake-utils",
        "fork": "fork",
        "home-manager": "home-manager",
        "impermanence": "impermanence",
        "latest": "latest",
        "nix-minecraft": "nix-minecraft",
        "nixos-hardware": "nixos-hardware",
        "nixos-wsl": "nixos-wsl",
        "nixpkgs": "nixpkgs",
        "private": "private",
        "rust-overlay": "rust-overlay",
        "stable": "stable",
        "systems": "systems",
        "universe-cli": "universe-cli"
      }
    },
    "rust-overlay": {
      "inputs": {
        "flake-utils": [
          "flake-utils"
        ],
        "nixpkgs": [
          "nixpkgs"
        ]
      },
      "locked": {
        "lastModified": 1703124916,
        "narHash": "sha256-LNAqNYcJf0iCm6jbzhzsQOC4F8SLyma5sckySn2Iffg=",
        "owner": "oxalica",
        "repo": "rust-overlay",
        "rev": "81cb529bd066cd3668f9aa88d2afa8fbbbcd1208",
        "type": "github"
      },
      "original": {
        "owner": "oxalica",
        "repo": "rust-overlay",
        "type": "github"
      }
    },
    "stable": {
      "locked": {
        "lastModified": 1703034876,
        "narHash": "sha256-4bMPFv/bs5g1nEsXQwXlrAGJgjv1Ilr0ejdaTkBwQLs=",
        "owner": "NixOS",
        "repo": "nixpkgs",
        "rev": "312ab59e8ade69e6083017bd9b98a2919f1fb86a",
        "type": "github"
      },
      "original": {
        "owner": "NixOS",
        "ref": "nixos-23.05",
        "repo": "nixpkgs",
        "type": "github"
      }
    },
    "systems": {
      "locked": {
        "lastModified": 1681028828,
        "narHash": "sha256-Vy1rq5AaRuLzOxct8nz4T6wlgyUR7zLU309k9mBC768=",
        "owner": "nix-systems",
        "repo": "default",
        "rev": "da67096a3b9bf56a91d16901293e51ba5b49a27e",
        "type": "github"
      },
      "original": {
        "owner": "nix-systems",
        "repo": "default",
        "type": "github"
      }
    },
    "universe-cli": {
      "inputs": {
        "blank": [
          "blank"
        ],
        "crane": "crane",
        "devshell": [
          "devshell"
        ],
        "flake-parts": [
          "flake-parts"
        ],
        "flake-utils": [
          "flake-utils"
        ],
        "nixpkgs": [
          "nixpkgs"
        ],
        "rust-overlay": [
          "rust-overlay"
        ],
        "systems": [
          "systems"
        ]
      },
      "locked": {
        "lastModified": 1705129652,
        "narHash": "sha256-zCSZnn1EI67BkC84WFDTC3bPfYHC83W/ULoHVOasc+k=",
        "owner": "Infinidoge",
        "repo": "universe-cli",
        "rev": "821349b01b1698b134f5936c7586b7e6c2396d2c",
        "type": "github"
      },
      "original": {
        "owner": "Infinidoge",
        "repo": "universe-cli",
        "type": "github"
      }
    }
  },
  "root": "root",
  "version": 7
}
