{
  "nodes": {
    "agenix": {
      "inputs": {
        "nixpkgs": [
          "nixos"
        ]
      },
      "locked": {
        "lastModified": 1665870395,
        "narHash": "sha256-Tsbqb27LDNxOoPLh0gw2hIb6L/6Ow/6lIBvqcHzEKBI=",
        "owner": "ryantm",
        "repo": "agenix",
        "rev": "a630400067c6d03c9b3e0455347dc8559db14288",
        "type": "github"
      },
      "original": {
        "owner": "ryantm",
        "repo": "agenix",
        "type": "github"
      }
    },
    "agenix_2": {
      "inputs": {
        "nixpkgs": [
          "hlissner-dotfiles",
          "nixpkgs"
        ]
      },
      "locked": {
        "lastModified": 1662241716,
        "narHash": "sha256-urqPvSvvGUhkwzTDxUI8N1nsdMysbAfjmBNZaTYBZRU=",
        "owner": "ryantm",
        "repo": "agenix",
        "rev": "c96da5835b76d3d8e8d99a0fec6fe32f8539ee2e",
        "type": "github"
      },
      "original": {
        "owner": "ryantm",
        "repo": "agenix",
        "type": "github"
      }
    },
    "beautysh": {
      "inputs": {
        "flake-utils": "flake-utils",
        "nixpkgs": "nixpkgs",
        "poetry2nix": "poetry2nix"
      },
      "locked": {
        "lastModified": 1641830469,
        "narHash": "sha256-uhDmgNP/biOWe4FtOa6c2xZnREH+NP9rdrMm0LccRUk=",
        "owner": "lovesegfault",
        "repo": "beautysh",
        "rev": "e85d9736927c0fcf2abb05cb3a2d8d9b4502a2eb",
        "type": "github"
      },
      "original": {
        "owner": "lovesegfault",
        "repo": "beautysh",
        "type": "github"
      }
    },
    "blank": {
      "locked": {
        "lastModified": 1625557891,
        "narHash": "sha256-O8/MWsPBGhhyPoPLHZAuoZiiHo9q6FLlEeIDEXuj6T4=",
        "owner": "divnix",
        "repo": "blank",
        "rev": "5a5d2684073d9f563072ed07c871d577a6c614a8",
        "type": "github"
      },
      "original": {
        "owner": "divnix",
        "repo": "blank",
        "type": "github"
      }
    },
    "bud": {
      "inputs": {
        "beautysh": "beautysh",
        "devshell": [
          "digga",
          "devshell"
        ],
        "nixpkgs": [
          "nixos"
        ]
      },
      "locked": {
        "lastModified": 1654190822,
        "narHash": "sha256-B8z3stYaULNDBBjzJHrFHGgiJHrLqhBkxH+9u5iBP7E=",
        "owner": "divnix",
        "repo": "bud",
        "rev": "0ff3e4e4b8791ea4d827bf5bfcac28cef060f209",
        "type": "github"
      },
      "original": {
        "owner": "divnix",
        "repo": "bud",
        "type": "github"
      }
    },
    "deploy": {
      "inputs": {
        "fenix": "fenix",
        "flake-compat": "flake-compat",
        "nixpkgs": [
          "nixos"
        ],
        "utils": "utils"
      },
      "locked": {
        "lastModified": 1661212356,
        "narHash": "sha256-+9P849WIb/zhAMWXrW9g0IRd7vFRj5a5acLTtOFyY48=",
        "owner": "input-output-hk",
        "repo": "deploy-rs",
        "rev": "4da8eb9fc3e611adf4bbe8c8df5b1fc604c4f906",
        "type": "github"
      },
      "original": {
        "owner": "input-output-hk",
        "repo": "deploy-rs",
        "type": "github"
      }
    },
    "devshell": {
      "inputs": {
        "flake-utils": "flake-utils_2",
        "nixpkgs": [
          "digga",
          "nixpkgs"
        ]
      },
      "locked": {
        "lastModified": 1655976588,
        "narHash": "sha256-VreHyH6ITkf/1EX/8h15UqhddJnUleb0HgbC3gMkAEQ=",
        "owner": "numtide",
        "repo": "devshell",
        "rev": "899ca4629020592a13a46783587f6e674179d1db",
        "type": "github"
      },
      "original": {
        "owner": "numtide",
        "repo": "devshell",
        "type": "github"
      }
    },
    "digga": {
      "inputs": {
        "darwin": [
          "blank"
        ],
        "deploy": [
          "deploy"
        ],
        "devshell": "devshell",
        "flake-compat": "flake-compat_2",
        "flake-utils-plus": "flake-utils-plus",
        "home-manager": [
          "home"
        ],
        "nixlib": [
          "nixos"
        ],
        "nixpkgs": [
          "nixos"
        ],
        "nixpkgs-unstable": "nixpkgs-unstable"
      },
      "locked": {
        "lastModified": 1668250948,
        "narHash": "sha256-qqyzJQHgb/Bgq3Zxwa0gmaDEpkuyVhvynnq6a0akMWw=",
        "owner": "divnix",
        "repo": "digga",
        "rev": "54ede8e591d288c176a09d6fcf4b123896c0bf0f",
        "type": "github"
      },
      "original": {
        "owner": "divnix",
        "repo": "digga",
        "type": "github"
      }
    },
    "emacs-overlay": {
      "inputs": {
        "flake-utils": "flake-utils_4",
        "nixpkgs": "nixpkgs_2"
      },
      "locked": {
        "lastModified": 1663325995,
        "narHash": "sha256-jXn/zFemtAT01xuhmKMhKPDTke7cYHe2IaNmVFQ6/G8=",
        "owner": "nix-community",
        "repo": "emacs-overlay",
        "rev": "b50178f76a7868d0aca28278451141269df137fe",
        "type": "github"
      },
      "original": {
        "owner": "nix-community",
        "repo": "emacs-overlay",
        "type": "github"
      }
    },
    "fenix": {
      "inputs": {
        "nixpkgs": [
          "deploy",
          "nixpkgs"
        ],
        "rust-analyzer-src": "rust-analyzer-src"
      },
      "locked": {
        "lastModified": 1645597478,
        "narHash": "sha256-axsWwzGMMMcvHKXyrEC99RHkU/8EecIcmrESGzZMD/k=",
        "owner": "nix-community",
        "repo": "fenix",
        "rev": "6c8d60c1d8deba8c360537c47e2b86aefaea0fd5",
        "type": "github"
      },
      "original": {
        "owner": "nix-community",
        "repo": "fenix",
        "type": "github"
      }
    },
    "fenix_2": {
      "inputs": {
        "nixpkgs": [
          "nixos"
        ],
        "rust-analyzer-src": "rust-analyzer-src_2"
      },
      "locked": {
        "lastModified": 1670566996,
        "narHash": "sha256-M+KsSE2D8ByDf3HZhnvLRpytg8aXScoWhg+NrdHjeeE=",
        "owner": "nix-community",
        "repo": "fenix",
        "rev": "ab24d0ad17a733624b99f5d6466e71b8c239a001",
        "type": "github"
      },
      "original": {
        "owner": "nix-community",
        "repo": "fenix",
        "type": "github"
      }
    },
    "flake-compat": {
      "flake": false,
      "locked": {
        "lastModified": 1627913399,
        "narHash": "sha256-hY8g6H2KFL8ownSiFeMOjwPC8P0ueXpCVEbxgda3pko=",
        "owner": "edolstra",
        "repo": "flake-compat",
        "rev": "12c64ca55c1014cdc1b16ed5a804aa8576601ff2",
        "type": "github"
      },
      "original": {
        "owner": "edolstra",
        "repo": "flake-compat",
        "type": "github"
      }
    },
    "flake-compat_2": {
      "flake": false,
      "locked": {
        "lastModified": 1650374568,
        "narHash": "sha256-Z+s0J8/r907g149rllvwhb4pKi8Wam5ij0st8PwAh+E=",
        "owner": "edolstra",
        "repo": "flake-compat",
        "rev": "b4a34015c698c7793d592d66adbab377907a2be8",
        "type": "github"
      },
      "original": {
        "owner": "edolstra",
        "repo": "flake-compat",
        "type": "github"
      }
    },
    "flake-compat_3": {
      "flake": false,
      "locked": {
        "lastModified": 1668681692,
        "narHash": "sha256-Ht91NGdewz8IQLtWZ9LCeNXMSXHUss+9COoqu6JLmXU=",
        "owner": "edolstra",
        "repo": "flake-compat",
        "rev": "009399224d5e398d03b22badca40a37ac85412a1",
        "type": "github"
      },
      "original": {
        "owner": "edolstra",
        "repo": "flake-compat",
        "type": "github"
      }
    },
    "flake-utils": {
      "locked": {
        "lastModified": 1631561581,
        "narHash": "sha256-3VQMV5zvxaVLvqqUrNz3iJelLw30mIVSfZmAaauM3dA=",
        "owner": "numtide",
        "repo": "flake-utils",
        "rev": "7e5bf3925f6fbdfaf50a2a7ca0be2879c4261d19",
        "type": "github"
      },
      "original": {
        "owner": "numtide",
        "repo": "flake-utils",
        "type": "github"
      }
    },
    "flake-utils-plus": {
      "inputs": {
        "flake-utils": "flake-utils_3"
      },
      "locked": {
        "lastModified": 1654029967,
        "narHash": "sha256-my3GQ3mQIw/1f6GPV1IhUZrcYQSWh0YJAMPNBjhXJDw=",
        "owner": "gytis-ivaskevicius",
        "repo": "flake-utils-plus",
        "rev": "6271cf3842ff9c8a9af9e3508c547f86bc77d199",
        "type": "github"
      },
      "original": {
        "owner": "gytis-ivaskevicius",
        "ref": "refs/pull/120/head",
        "repo": "flake-utils-plus",
        "type": "github"
      }
    },
    "flake-utils_2": {
      "locked": {
        "lastModified": 1642700792,
        "narHash": "sha256-XqHrk7hFb+zBvRg6Ghl+AZDq03ov6OshJLiSWOoX5es=",
        "owner": "numtide",
        "repo": "flake-utils",
        "rev": "846b2ae0fc4cc943637d3d1def4454213e203cba",
        "type": "github"
      },
      "original": {
        "owner": "numtide",
        "repo": "flake-utils",
        "type": "github"
      }
    },
    "flake-utils_3": {
      "locked": {
        "lastModified": 1644229661,
        "narHash": "sha256-1YdnJAsNy69bpcjuoKdOYQX0YxZBiCYZo4Twxerqv7k=",
        "owner": "numtide",
        "repo": "flake-utils",
        "rev": "3cecb5b042f7f209c56ffd8371b2711a290ec797",
        "type": "github"
      },
      "original": {
        "owner": "numtide",
        "repo": "flake-utils",
        "type": "github"
      }
    },
    "flake-utils_4": {
      "locked": {
        "lastModified": 1659877975,
        "narHash": "sha256-zllb8aq3YO3h8B/U0/J1WBgAL8EX5yWf5pMj3G0NAmc=",
        "owner": "numtide",
        "repo": "flake-utils",
        "rev": "c0e246b9b83f637f4681389ecabcb2681b4f3af0",
        "type": "github"
      },
      "original": {
        "owner": "numtide",
        "repo": "flake-utils",
        "type": "github"
      }
    },
    "flake-utils_5": {
      "locked": {
        "lastModified": 1659877975,
        "narHash": "sha256-zllb8aq3YO3h8B/U0/J1WBgAL8EX5yWf5pMj3G0NAmc=",
        "owner": "numtide",
        "repo": "flake-utils",
        "rev": "c0e246b9b83f637f4681389ecabcb2681b4f3af0",
        "type": "github"
      },
      "original": {
        "owner": "numtide",
        "repo": "flake-utils",
        "type": "github"
      }
    },
    "flake-utils_6": {
      "locked": {
        "lastModified": 1667395993,
        "narHash": "sha256-nuEHfE/LcWyuSWnS8t12N1wc105Qtau+/OdUAjtQ0rA=",
        "owner": "numtide",
        "repo": "flake-utils",
        "rev": "5aed5285a952e0b949eb3ba02c12fa4fcfef535f",
        "type": "github"
      },
      "original": {
        "owner": "numtide",
        "repo": "flake-utils",
        "type": "github"
      }
    },
    "fork": {
      "locked": {
        "lastModified": 1667858714,
        "narHash": "sha256-YB0LK13tmcJxKM2ex5LBlNDhG6eDIJuW5BRoO2qXGhA=",
        "owner": "Infinidoge",
        "repo": "nixpkgs",
        "rev": "3635e03479e5f182abec231d2a68a7a783a60e41",
        "type": "github"
      },
      "original": {
        "owner": "Infinidoge",
        "ref": "combined/all",
        "repo": "nixpkgs",
        "type": "github"
      }
    },
    "globalRegistry": {
      "flake": false,
      "locked": {
        "lastModified": 1661161594,
        "narHash": "sha256-tu1KKNLw+v7ZOIUPGDE66tn9vEyhIAWiiJYZRGGev8E=",
        "owner": "NixOS",
        "repo": "flake-registry",
        "rev": "8634fb4e1db6c76ce037bc00ef80f9ebd2616476",
        "type": "github"
      },
      "original": {
        "owner": "NixOS",
        "repo": "flake-registry",
        "type": "github"
      }
    },
    "hlissner-dotfiles": {
      "inputs": {
        "agenix": "agenix_2",
        "emacs-overlay": "emacs-overlay",
        "home-manager": "home-manager",
        "nixos-hardware": "nixos-hardware",
        "nixpkgs": "nixpkgs_3",
        "nixpkgs-unstable": "nixpkgs-unstable_2"
      },
      "locked": {
        "lastModified": 1663596637,
        "narHash": "sha256-uKMuJnCINAJWdEapZeTaenBptJN+rIrh5Ml+9J7Gr+4=",
        "owner": "hlissner",
        "repo": "dotfiles",
        "rev": "089f1a9da9018df9e5fc200c2d7bef70f4546026",
        "type": "github"
      },
      "original": {
        "owner": "hlissner",
        "repo": "dotfiles",
        "type": "github"
      }
    },
    "home": {
      "inputs": {
        "nixpkgs": [
          "nixos"
        ],
        "utils": "utils_3"
      },
      "locked": {
        "lastModified": 1670513770,
        "narHash": "sha256-muL74fsbGA8K8WlZSPNWddOiuBnC54kAajncX6nXrh4=",
        "owner": "nix-community",
        "repo": "home-manager",
        "rev": "054d9e3187ca00479e8036dc0e92900a384f30fd",
        "type": "github"
      },
      "original": {
        "owner": "nix-community",
        "repo": "home-manager",
        "type": "github"
      }
    },
    "home-manager": {
      "inputs": {
        "nixpkgs": [
          "hlissner-dotfiles",
          "nixpkgs"
        ],
        "utils": "utils_2"
      },
      "locked": {
        "lastModified": 1663328500,
        "narHash": "sha256-7n+J/exp8ky4dmk02y5a9R7CGmJvHpzrHMzfEkMtSWA=",
        "owner": "rycee",
        "repo": "home-manager",
        "rev": "5427f3d1f0ea4357cd4af0bffee7248d640c6ffc",
        "type": "github"
      },
      "original": {
        "owner": "rycee",
        "ref": "master",
        "repo": "home-manager",
        "type": "github"
      }
    },
    "impermanence": {
      "locked": {
        "lastModified": 1668668915,
        "narHash": "sha256-QjY4ZZbs9shwO4LaLpvlU2bO9J1juYhO9NtV3nrbnYQ=",
        "owner": "nix-community",
        "repo": "impermanence",
        "rev": "5df9108b346f8a42021bf99e50de89c9caa251c3",
        "type": "github"
      },
      "original": {
        "owner": "nix-community",
        "repo": "impermanence",
        "type": "github"
      }
    },
    "latest": {
      "locked": {
        "lastModified": 1671429898,
        "narHash": "sha256-5K4MZmU1t1+e7QXnP+XyNU6vaY6bsHi0+tB4DT0PJn0=",
        "owner": "nixos",
        "repo": "nixpkgs",
        "rev": "1b33417f69610f1e9e9a031e412e6ddf24990375",
        "type": "github"
      },
      "original": {
        "owner": "nixos",
        "repo": "nixpkgs",
        "type": "github"
      }
    },
    "nix-minecraft": {
      "inputs": {
        "flake-utils": "flake-utils_5",
        "nixpkgs": [
          "nixos"
        ]
      },
      "locked": {
        "lastModified": 1668007124,
        "narHash": "sha256-ySso07IhsGx27/W/dv/az518+kX4kFWrF86uOTgDC8U=",
        "owner": "Infinidoge",
        "repo": "nix-minecraft",
        "rev": "8b8267da88f88bb00ca90c868529f3f3629981fe",
        "type": "github"
      },
      "original": {
        "owner": "Infinidoge",
        "ref": "develop",
        "repo": "nix-minecraft",
        "type": "github"
      }
    },
    "nixos": {
      "locked": {
        "lastModified": 1670507980,
        "narHash": "sha256-riNZa0xzM1it3pzxciwALeMs+0CsBMWIW2FqulzK8vM=",
        "owner": "nixos",
        "repo": "nixpkgs",
        "rev": "2787fc7d1e51404678614bf0fe92fc296746eec0",
        "type": "github"
      },
      "original": {
        "owner": "nixos",
        "ref": "nixos-unstable",
        "repo": "nixpkgs",
        "type": "github"
      }
    },
    "nixos-hardware": {
      "locked": {
        "lastModified": 1663229557,
        "narHash": "sha256-1uU4nsDLXKG0AHc/VCsNBAEPkTA/07juYhcEWRb1O1E=",
        "owner": "nixos",
        "repo": "nixos-hardware",
        "rev": "a0df6cd6e199df4a78c833c273781ea92fa62cfb",
        "type": "github"
      },
      "original": {
        "owner": "nixos",
        "repo": "nixos-hardware",
        "type": "github"
      }
    },
    "nixos-hardware_2": {
      "locked": {
        "lastModified": 1670174919,
        "narHash": "sha256-XdQr3BUnrvVLRFunLWrZORhwYHDG0+9jUUe0Jv1pths=",
        "owner": "nixos",
        "repo": "nixos-hardware",
        "rev": "9d87bc030a0bf3f00e953dbf095a7d8e852dab6b",
        "type": "github"
      },
      "original": {
        "owner": "nixos",
        "repo": "nixos-hardware",
        "type": "github"
      }
    },
    "nixos-wsl": {
      "inputs": {
        "flake-compat": "flake-compat_3",
        "flake-utils": "flake-utils_6",
        "nixpkgs": "nixpkgs_4"
      },
      "locked": {
        "lastModified": 1670429900,
        "narHash": "sha256-ubGSEL2tLkOj6+/u+vLl4F6Vz0QA+BIcVph5txWIc7w=",
        "owner": "nix-community",
        "repo": "NixOS-WSL",
        "rev": "2e1cbbb565c6ad8ca7e5f17c743bb127b22d48f7",
        "type": "github"
      },
      "original": {
        "owner": "nix-community",
        "repo": "NixOS-WSL",
        "type": "github"
      }
    },
    "nixpkgs": {
      "locked": {
        "lastModified": 1633971123,
        "narHash": "sha256-WmI4NbH1IPGFWVkuBkKoYgOnxgwSfWDgdZplJlQ93vA=",
        "owner": "NixOS",
        "repo": "nixpkgs",
        "rev": "e4ef597edfd8a0ba5f12362932fc9b1dd01a0aef",
        "type": "github"
      },
      "original": {
        "owner": "NixOS",
        "ref": "nixos-unstable-small",
        "repo": "nixpkgs",
        "type": "github"
      }
    },
    "nixpkgs-unstable": {
      "locked": {
        "lastModified": 1667629849,
        "narHash": "sha256-P+v+nDOFWicM4wziFK9S/ajF2lc0N2Rg9p6Y35uMoZI=",
        "owner": "nixos",
        "repo": "nixpkgs",
        "rev": "3bacde6273b09a21a8ccfba15586fb165078fb62",
        "type": "github"
      },
      "original": {
        "owner": "nixos",
        "ref": "nixos-unstable",
        "repo": "nixpkgs",
        "type": "github"
      }
    },
    "nixpkgs-unstable_2": {
      "locked": {
        "lastModified": 1663264531,
        "narHash": "sha256-2ncO5chPXlTxaebDlhx7MhL0gOEIWxzSyfsl0r0hxQk=",
        "owner": "NixOS",
        "repo": "nixpkgs",
        "rev": "454887a35de6317a30be284e8adc2d2f6d8a07c4",
        "type": "github"
      },
      "original": {
        "id": "nixpkgs",
        "ref": "nixpkgs-unstable",
        "type": "indirect"
      }
    },
    "nixpkgs_2": {
      "locked": {
        "lastModified": 0,
        "narHash": "sha256-GGMupfk/lGzPBQ/dRrcQEhiFZ0F5KPg0j5Q4Fb5coxc=",
        "path": "/nix/store/r2bbhmlfvfpir9hp8fjs31kj13kwgwyl-source",
        "type": "path"
      },
      "original": {
        "id": "nixpkgs",
        "type": "indirect"
      }
    },
    "nixpkgs_3": {
      "locked": {
        "lastModified": 1663178737,
        "narHash": "sha256-ayOtdyoNx6BqJtTYVzdQCDz/YWb67TY/CMGacFCgNQo=",
        "owner": "NixOS",
        "repo": "nixpkgs",
        "rev": "1158501e7c7cba26d922723cf9f70099995eb755",
        "type": "github"
      },
      "original": {
        "id": "nixpkgs",
        "ref": "nixos-unstable",
        "type": "indirect"
      }
    },
    "nixpkgs_4": {
      "locked": {
        "lastModified": 1669418739,
        "narHash": "sha256-T86oFvcUIRwHWBWUt7WjaP4BP/3lDGbv5AppQSI1FkI=",
        "owner": "NixOS",
        "repo": "nixpkgs",
        "rev": "695b3515251873e0a7e2021add4bba643c56cde3",
        "type": "github"
      },
      "original": {
        "id": "nixpkgs",
        "ref": "nixos-22.05",
        "type": "indirect"
      }
    },
    "poetry2nix": {
      "inputs": {
        "flake-utils": [
          "bud",
          "beautysh",
          "flake-utils"
        ],
        "nixpkgs": [
          "bud",
          "beautysh",
          "nixpkgs"
        ]
      },
      "locked": {
        "lastModified": 1633382856,
        "narHash": "sha256-hYlet806M9xJj4yxf0g5fhDT2IEUVIMAl7sqIeZ8DUM=",
        "owner": "nix-community",
        "repo": "poetry2nix",
        "rev": "705cbfa10e3d9bfed2e59e0256844ae3704dbd7e",
        "type": "github"
      },
      "original": {
        "owner": "nix-community",
        "repo": "poetry2nix",
        "type": "github"
      }
    },
    "quick-nix-registry": {
      "inputs": {
        "globalRegistry": "globalRegistry"
      },
      "locked": {
        "lastModified": 1627589359,
        "narHash": "sha256-h0UhOgGtHwEcb2looQXIFPNmRwiFtXo4bEuBboPJzJo=",
        "owner": "divnix",
        "repo": "quick-nix-registry",
        "rev": "9f1beb3e4de2e538b14ed8ddc71b706fd33b08dd",
        "type": "github"
      },
      "original": {
        "owner": "divnix",
        "repo": "quick-nix-registry",
        "type": "github"
      }
    },
    "root": {
      "inputs": {
        "agenix": "agenix",
        "blank": "blank",
        "bud": "bud",
        "deploy": "deploy",
        "digga": "digga",
        "fenix": "fenix_2",
        "fork": "fork",
        "hlissner-dotfiles": "hlissner-dotfiles",
        "home": "home",
        "impermanence": "impermanence",
        "latest": "latest",
        "nix-minecraft": "nix-minecraft",
        "nixos": "nixos",
        "nixos-hardware": "nixos-hardware_2",
        "nixos-wsl": "nixos-wsl",
        "quick-nix-registry": "quick-nix-registry",
        "stable": "stable",
        "staging": "staging"
      }
    },
    "rust-analyzer-src": {
      "flake": false,
      "locked": {
        "lastModified": 1645480664,
        "narHash": "sha256-1+6YSK1hn6PX5qC3JwjrYktMwtq5GeFgNbyaGzk8Kuo=",
        "owner": "rust-analyzer",
        "repo": "rust-analyzer",
        "rev": "c0ee2f23ff70349704dfe8448027a41b7788eb37",
        "type": "github"
      },
      "original": {
        "owner": "rust-analyzer",
        "ref": "nightly",
        "repo": "rust-analyzer",
        "type": "github"
      }
    },
    "rust-analyzer-src_2": {
      "flake": false,
      "locked": {
        "lastModified": 1670426523,
        "narHash": "sha256-Zh+pAuj4PmBmISXCz+54yVSwSXZwbn+ZELgM85xVUE0=",
        "owner": "rust-lang",
        "repo": "rust-analyzer",
        "rev": "6e8a54d0f68702cf7981c8299357838eb0f4d5b2",
        "type": "github"
      },
      "original": {
        "owner": "rust-lang",
        "ref": "nightly",
        "repo": "rust-analyzer",
        "type": "github"
      }
    },
    "stable": {
      "locked": {
        "lastModified": 1670538458,
        "narHash": "sha256-mvKmBkdlhzsMBtnzYXjYn08EGw9rFBEE9hp4Uqgol1Q=",
        "owner": "nixos",
        "repo": "nixpkgs",
        "rev": "99ec06122f481588abafd91f2710d80a5320efe6",
        "type": "github"
      },
      "original": {
        "owner": "nixos",
        "ref": "nixos-22.05",
        "repo": "nixpkgs",
        "type": "github"
      }
    },
    "staging": {
      "locked": {
        "lastModified": 1670611128,
        "narHash": "sha256-Tc1S9b37l22Li0rfIzi2eJocCzYkB7nKlLeEZC6JqV0=",
        "owner": "nixos",
        "repo": "nixpkgs",
        "rev": "7915b0fbe2b8a2abeab3ab665cae89bdbcba8dec",
        "type": "github"
      },
      "original": {
        "owner": "nixos",
        "ref": "staging",
        "repo": "nixpkgs",
        "type": "github"
      }
    },
    "utils": {
      "locked": {
        "lastModified": 1637014545,
        "narHash": "sha256-26IZAc5yzlD9FlDT54io1oqG/bBoyka+FJk5guaX4x4=",
        "owner": "numtide",
        "repo": "flake-utils",
        "rev": "bba5dcc8e0b20ab664967ad83d24d64cb64ec4f4",
        "type": "github"
      },
      "original": {
        "owner": "numtide",
        "repo": "flake-utils",
        "type": "github"
      }
    },
    "utils_2": {
      "locked": {
        "lastModified": 1659877975,
        "narHash": "sha256-zllb8aq3YO3h8B/U0/J1WBgAL8EX5yWf5pMj3G0NAmc=",
        "owner": "numtide",
        "repo": "flake-utils",
        "rev": "c0e246b9b83f637f4681389ecabcb2681b4f3af0",
        "type": "github"
      },
      "original": {
        "owner": "numtide",
        "repo": "flake-utils",
        "type": "github"
      }
    },
    "utils_3": {
      "locked": {
        "lastModified": 1667395993,
        "narHash": "sha256-nuEHfE/LcWyuSWnS8t12N1wc105Qtau+/OdUAjtQ0rA=",
        "owner": "numtide",
        "repo": "flake-utils",
        "rev": "5aed5285a952e0b949eb3ba02c12fa4fcfef535f",
        "type": "github"
      },
      "original": {
        "owner": "numtide",
        "repo": "flake-utils",
        "type": "github"
      }
    }
  },
  "root": "root",
  "version": 7
}
